// !$*UTF8*$!
{
	archiveVersion = 1;
	classes = {
	};
	objectVersion = 48;
	objects = {

/* Begin PBXBuildFile section */
		E70D18441C25FD2D00BFD600 /* SwitchBoard.h in Headers */ = {isa = PBXBuildFile; fileRef = E70D18431C25FD2D00BFD600 /* SwitchBoard.h */; settings = {ATTRIBUTES = (Public, ); }; };
		E70D184B1C25FD2D00BFD600 /* SwitchBoard.framework in Frameworks */ = {isa = PBXBuildFile; fileRef = E70D18401C25FD2D00BFD600 /* SwitchBoard.framework */; };
		E70D18501C25FD2D00BFD600 /* SwitchBoardTests.swift in Sources */ = {isa = PBXBuildFile; fileRef = E70D184F1C25FD2D00BFD600 /* SwitchBoardTests.swift */; };
		E70D18621C26074F00BFD600 /* PanGesture.swift in Sources */ = {isa = PBXBuildFile; fileRef = E70D18601C26074F00BFD600 /* PanGesture.swift */; };
		E70D18631C26074F00BFD600 /* PinchGesture.swift in Sources */ = {isa = PBXBuildFile; fileRef = E70D18611C26074F00BFD600 /* PinchGesture.swift */; };
		E70D18691C2607F800BFD600 /* SBGameScene.swift in Sources */ = {isa = PBXBuildFile; fileRef = E70D18681C2607F800BFD600 /* SBGameScene.swift */; };
		E70D186B1C2609E700BFD600 /* SBScreenRecord.swift in Sources */ = {isa = PBXBuildFile; fileRef = E70D186A1C2609E700BFD600 /* SBScreenRecord.swift */; };
		E70D186D1C260B1500BFD600 /* SBViewDelegate.swift in Sources */ = {isa = PBXBuildFile; fileRef = E70D186C1C260B1500BFD600 /* SBViewDelegate.swift */; };
		E70D186F1C260B5F00BFD600 /* SBSceneContainer.swift in Sources */ = {isa = PBXBuildFile; fileRef = E70D186E1C260B5F00BFD600 /* SBSceneContainer.swift */; };
		E70D18721C26147500BFD600 /* config.yml in Resources */ = {isa = PBXBuildFile; fileRef = E70D18701C26147500BFD600 /* config.yml */; };
		E72638D31E6DF28500A20473 /* KeyGesture.swift in Sources */ = {isa = PBXBuildFile; fileRef = E72638D21E6DF28500A20473 /* KeyGesture.swift */; };
		E72638D61E704FEF00A20473 /* Keyboard.swift in Sources */ = {isa = PBXBuildFile; fileRef = E72638D41E704FEC00A20473 /* Keyboard.swift */; };
		E73F51C81C3C5D400075A632 /* SBSceneManager.swift in Sources */ = {isa = PBXBuildFile; fileRef = E73F51C71C3C5D3F0075A632 /* SBSceneManager.swift */; };
		E73F51CA1C3DAA8F0075A632 /* SBCache.swift in Sources */ = {isa = PBXBuildFile; fileRef = E73F51C91C3DAA8F0075A632 /* SBCache.swift */; };
		E74871A51D81FE94008D64D8 /* Particleboard.framework in Frameworks */ = {isa = PBXBuildFile; fileRef = E74871A41D81FE94008D64D8 /* Particleboard.framework */; };
		E799F3C21D64D5C30056B313 /* SBSubScene.swift in Sources */ = {isa = PBXBuildFile; fileRef = E799F3C11D64D5C30056B313 /* SBSubScene.swift */; };
		E799F3C31D64D5C30056B313 /* SBSubScene.swift in Sources */ = {isa = PBXBuildFile; fileRef = E799F3C11D64D5C30056B313 /* SBSubScene.swift */; };
		E7C34BDD1D9038CC00ACEC67 /* PanGesture.swift in Sources */ = {isa = PBXBuildFile; fileRef = E70D18601C26074F00BFD600 /* PanGesture.swift */; };
		E7CBDB051D1B20F500FE9E66 /* SwitchBoardOS.h in Headers */ = {isa = PBXBuildFile; fileRef = E7CBDB041D1B20F500FE9E66 /* SwitchBoardOS.h */; settings = {ATTRIBUTES = (Public, ); }; };
		E7CBDB0C1D1B20F600FE9E66 /* SwitchBoardOS.framework in Frameworks */ = {isa = PBXBuildFile; fileRef = E7CBDB021D1B20F500FE9E66 /* SwitchBoardOS.framework */; };
		E7CBDB111D1B20F600FE9E66 /* SwitchBoardOSTests.swift in Sources */ = {isa = PBXBuildFile; fileRef = E7CBDB101D1B20F600FE9E66 /* SwitchBoardOSTests.swift */; };
		E7CBDB421D1B23EC00FE9E66 /* SBSceneContainer.swift in Sources */ = {isa = PBXBuildFile; fileRef = E70D186E1C260B5F00BFD600 /* SBSceneContainer.swift */; };
		E7CBDB431D1B23EF00FE9E66 /* SBViewDelegate.swift in Sources */ = {isa = PBXBuildFile; fileRef = E70D186C1C260B1500BFD600 /* SBViewDelegate.swift */; };
		E7CBDB441D1B23F200FE9E66 /* SBSceneManager.swift in Sources */ = {isa = PBXBuildFile; fileRef = E73F51C71C3C5D3F0075A632 /* SBSceneManager.swift */; };
		E7CBDB451D1B23F400FE9E66 /* SBCache.swift in Sources */ = {isa = PBXBuildFile; fileRef = E73F51C91C3DAA8F0075A632 /* SBCache.swift */; };
		E7CBDB481D1B245B00FE9E66 /* ParticleboardOS.framework in Frameworks */ = {isa = PBXBuildFile; fileRef = E7CBDB471D1B245B00FE9E66 /* ParticleboardOS.framework */; };
		E7CBDB491D1B24E700FE9E66 /* SBGameScene.swift in Sources */ = {isa = PBXBuildFile; fileRef = E70D18681C2607F800BFD600 /* SBGameScene.swift */; };
/* End PBXBuildFile section */

/* Begin PBXContainerItemProxy section */
		E70D184C1C25FD2D00BFD600 /* PBXContainerItemProxy */ = {
			isa = PBXContainerItemProxy;
			containerPortal = E70D18371C25FD2D00BFD600 /* Project object */;
			proxyType = 1;
			remoteGlobalIDString = E70D183F1C25FD2D00BFD600;
			remoteInfo = SwitchBoard;
		};
		E7CBDB0D1D1B20F600FE9E66 /* PBXContainerItemProxy */ = {
			isa = PBXContainerItemProxy;
			containerPortal = E70D18371C25FD2D00BFD600 /* Project object */;
			proxyType = 1;
			remoteGlobalIDString = E7CBDB011D1B20F500FE9E66;
			remoteInfo = SwitchBoardOS;
		};
/* End PBXContainerItemProxy section */

/* Begin PBXFileReference section */
		E70D18401C25FD2D00BFD600 /* SwitchBoard.framework */ = {isa = PBXFileReference; explicitFileType = wrapper.framework; includeInIndex = 0; path = SwitchBoard.framework; sourceTree = BUILT_PRODUCTS_DIR; };
		E70D18431C25FD2D00BFD600 /* SwitchBoard.h */ = {isa = PBXFileReference; lastKnownFileType = sourcecode.c.h; name = SwitchBoard.h; path = SwitchBoard/SwitchBoard.h; sourceTree = "<group>"; };
		E70D18451C25FD2D00BFD600 /* Info.plist */ = {isa = PBXFileReference; lastKnownFileType = text.plist.xml; name = Info.plist; path = SwitchBoard/Info.plist; sourceTree = "<group>"; };
		E70D184A1C25FD2D00BFD600 /* SwitchBoardTests.xctest */ = {isa = PBXFileReference; explicitFileType = wrapper.cfbundle; includeInIndex = 0; path = SwitchBoardTests.xctest; sourceTree = BUILT_PRODUCTS_DIR; };
		E70D184F1C25FD2D00BFD600 /* SwitchBoardTests.swift */ = {isa = PBXFileReference; lastKnownFileType = sourcecode.swift; path = SwitchBoardTests.swift; sourceTree = "<group>"; };
		E70D18511C25FD2D00BFD600 /* Info.plist */ = {isa = PBXFileReference; lastKnownFileType = text.plist.xml; path = Info.plist; sourceTree = "<group>"; };
		E70D18601C26074F00BFD600 /* PanGesture.swift */ = {isa = PBXFileReference; fileEncoding = 4; lastKnownFileType = sourcecode.swift; path = PanGesture.swift; sourceTree = "<group>"; };
		E70D18611C26074F00BFD600 /* PinchGesture.swift */ = {isa = PBXFileReference; fileEncoding = 4; lastKnownFileType = sourcecode.swift; path = PinchGesture.swift; sourceTree = "<group>"; };
		E70D18681C2607F800BFD600 /* SBGameScene.swift */ = {isa = PBXFileReference; fileEncoding = 4; lastKnownFileType = sourcecode.swift; path = SBGameScene.swift; sourceTree = "<group>"; };
		E70D186A1C2609E700BFD600 /* SBScreenRecord.swift */ = {isa = PBXFileReference; fileEncoding = 4; lastKnownFileType = sourcecode.swift; path = SBScreenRecord.swift; sourceTree = "<group>"; };
		E70D186C1C260B1500BFD600 /* SBViewDelegate.swift */ = {isa = PBXFileReference; fileEncoding = 4; lastKnownFileType = sourcecode.swift; path = SBViewDelegate.swift; sourceTree = "<group>"; };
		E70D186E1C260B5F00BFD600 /* SBSceneContainer.swift */ = {isa = PBXFileReference; fileEncoding = 4; lastKnownFileType = sourcecode.swift; path = SBSceneContainer.swift; sourceTree = "<group>"; };
		E70D18701C26147500BFD600 /* config.yml */ = {isa = PBXFileReference; fileEncoding = 4; lastKnownFileType = text; path = config.yml; sourceTree = "<group>"; };
		E70D18711C26147500BFD600 /* README.md */ = {isa = PBXFileReference; fileEncoding = 4; lastKnownFileType = net.daringfireball.markdown; path = README.md; sourceTree = "<group>"; };
		E72638D21E6DF28500A20473 /* KeyGesture.swift */ = {isa = PBXFileReference; fileEncoding = 4; lastKnownFileType = sourcecode.swift; path = KeyGesture.swift; sourceTree = "<group>"; };
		E72638D41E704FEC00A20473 /* Keyboard.swift */ = {isa = PBXFileReference; fileEncoding = 4; lastKnownFileType = sourcecode.swift; path = Keyboard.swift; sourceTree = "<group>"; };
		E73F51C71C3C5D3F0075A632 /* SBSceneManager.swift */ = {isa = PBXFileReference; fileEncoding = 4; lastKnownFileType = sourcecode.swift; path = SBSceneManager.swift; sourceTree = "<group>"; };
		E73F51C91C3DAA8F0075A632 /* SBCache.swift */ = {isa = PBXFileReference; fileEncoding = 4; lastKnownFileType = sourcecode.swift; path = SBCache.swift; sourceTree = "<group>"; };
		E74871A41D81FE94008D64D8 /* Particleboard.framework */ = {isa = PBXFileReference; lastKnownFileType = wrapper.framework; name = Particleboard.framework; path = "../../../Builds/Products/Debug-iphoneos/Particleboard.framework"; sourceTree = "<group>"; };
		E799F3C11D64D5C30056B313 /* SBSubScene.swift */ = {isa = PBXFileReference; fileEncoding = 4; lastKnownFileType = sourcecode.swift; path = SBSubScene.swift; sourceTree = "<group>"; };
		E7CBDB021D1B20F500FE9E66 /* SwitchBoardOS.framework */ = {isa = PBXFileReference; explicitFileType = wrapper.framework; includeInIndex = 0; path = SwitchBoardOS.framework; sourceTree = BUILT_PRODUCTS_DIR; };
		E7CBDB041D1B20F500FE9E66 /* SwitchBoardOS.h */ = {isa = PBXFileReference; lastKnownFileType = sourcecode.c.h; path = SwitchBoardOS.h; sourceTree = "<group>"; };
		E7CBDB061D1B20F500FE9E66 /* Info.plist */ = {isa = PBXFileReference; lastKnownFileType = text.plist.xml; path = Info.plist; sourceTree = "<group>"; };
		E7CBDB0B1D1B20F600FE9E66 /* SwitchBoardOSTests.xctest */ = {isa = PBXFileReference; explicitFileType = wrapper.cfbundle; includeInIndex = 0; path = SwitchBoardOSTests.xctest; sourceTree = BUILT_PRODUCTS_DIR; };
		E7CBDB101D1B20F600FE9E66 /* SwitchBoardOSTests.swift */ = {isa = PBXFileReference; lastKnownFileType = sourcecode.swift; path = SwitchBoardOSTests.swift; sourceTree = "<group>"; };
		E7CBDB121D1B20F600FE9E66 /* Info.plist */ = {isa = PBXFileReference; lastKnownFileType = text.plist.xml; path = Info.plist; sourceTree = "<group>"; };
		E7CBDB471D1B245B00FE9E66 /* ParticleboardOS.framework */ = {isa = PBXFileReference; lastKnownFileType = wrapper.framework; name = ParticleboardOS.framework; path = "../../../Library/Developer/Xcode/DerivedData/Particleboard-evhemslkpnponvhfactqjnukksgb/Build/Products/Debug/ParticleboardOS.framework"; sourceTree = "<group>"; };
/* End PBXFileReference section */

/* Begin PBXFrameworksBuildPhase section */
		E70D183C1C25FD2D00BFD600 /* Frameworks */ = {
			isa = PBXFrameworksBuildPhase;
			buildActionMask = 2147483647;
			files = (
				E74871A51D81FE94008D64D8 /* Particleboard.framework in Frameworks */,
			);
			runOnlyForDeploymentPostprocessing = 0;
		};
		E70D18471C25FD2D00BFD600 /* Frameworks */ = {
			isa = PBXFrameworksBuildPhase;
			buildActionMask = 2147483647;
			files = (
				E70D184B1C25FD2D00BFD600 /* SwitchBoard.framework in Frameworks */,
			);
			runOnlyForDeploymentPostprocessing = 0;
		};
		E7CBDAFE1D1B20F500FE9E66 /* Frameworks */ = {
			isa = PBXFrameworksBuildPhase;
			buildActionMask = 2147483647;
			files = (
				E7CBDB481D1B245B00FE9E66 /* ParticleboardOS.framework in Frameworks */,
			);
			runOnlyForDeploymentPostprocessing = 0;
		};
		E7CBDB081D1B20F600FE9E66 /* Frameworks */ = {
			isa = PBXFrameworksBuildPhase;
			buildActionMask = 2147483647;
			files = (
				E7CBDB0C1D1B20F600FE9E66 /* SwitchBoardOS.framework in Frameworks */,
			);
			runOnlyForDeploymentPostprocessing = 0;
		};
/* End PBXFrameworksBuildPhase section */

/* Begin PBXGroup section */
		E70D18361C25FD2D00BFD600 = {
			isa = PBXGroup;
			children = (
				E70D18421C25FD2D00BFD600 /* SwitchBoard */,
				E70D185E1C26073900BFD600 /* Config */,
				E70D184E1C25FD2D00BFD600 /* SwitchBoardTests */,
				E7CBDB031D1B20F500FE9E66 /* SwitchBoardOS */,
				E7CBDB0F1D1B20F600FE9E66 /* SwitchBoardOSTests */,
				E70D18411C25FD2D00BFD600 /* Products */,
			);
			sourceTree = "<group>";
		};
		E70D18411C25FD2D00BFD600 /* Products */ = {
			isa = PBXGroup;
			children = (
				E70D18401C25FD2D00BFD600 /* SwitchBoard.framework */,
				E70D184A1C25FD2D00BFD600 /* SwitchBoardTests.xctest */,
				E7CBDB021D1B20F500FE9E66 /* SwitchBoardOS.framework */,
				E7CBDB0B1D1B20F600FE9E66 /* SwitchBoardOSTests.xctest */,
			);
			name = Products;
			sourceTree = "<group>";
		};
		E70D18421C25FD2D00BFD600 /* SwitchBoard */ = {
			isa = PBXGroup;
			children = (
				E70D18681C2607F800BFD600 /* SBGameScene.swift */,
				E799F3C11D64D5C30056B313 /* SBSubScene.swift */,
				E70D186A1C2609E700BFD600 /* SBScreenRecord.swift */,
				E70D186E1C260B5F00BFD600 /* SBSceneContainer.swift */,
				E70D186C1C260B1500BFD600 /* SBViewDelegate.swift */,
				E73F51C71C3C5D3F0075A632 /* SBSceneManager.swift */,
				E73F51C91C3DAA8F0075A632 /* SBCache.swift */,
				E70D185F1C26074500BFD600 /* Gestures */,
			);
			path = SwitchBoard;
			sourceTree = "<group>";
		};
		E70D184E1C25FD2D00BFD600 /* SwitchBoardTests */ = {
			isa = PBXGroup;
			children = (
				E70D184F1C25FD2D00BFD600 /* SwitchBoardTests.swift */,
				E70D18511C25FD2D00BFD600 /* Info.plist */,
			);
			path = SwitchBoardTests;
			sourceTree = "<group>";
		};
		E70D185E1C26073900BFD600 /* Config */ = {
			isa = PBXGroup;
			children = (
				E70D18701C26147500BFD600 /* config.yml */,
				E70D18711C26147500BFD600 /* README.md */,
				E74871A41D81FE94008D64D8 /* Particleboard.framework */,
				E7CBDB471D1B245B00FE9E66 /* ParticleboardOS.framework */,
				E70D18431C25FD2D00BFD600 /* SwitchBoard.h */,
				E70D18451C25FD2D00BFD600 /* Info.plist */,
			);
			name = Config;
			sourceTree = "<group>";
		};
		E70D185F1C26074500BFD600 /* Gestures */ = {
			isa = PBXGroup;
			children = (
				E70D18601C26074F00BFD600 /* PanGesture.swift */,
				E70D18611C26074F00BFD600 /* PinchGesture.swift */,
				E72638D21E6DF28500A20473 /* KeyGesture.swift */,
				E72638D41E704FEC00A20473 /* Keyboard.swift */,
			);
			name = Gestures;
			sourceTree = "<group>";
		};
		E7CBDB031D1B20F500FE9E66 /* SwitchBoardOS */ = {
			isa = PBXGroup;
			children = (
				E7CBDB041D1B20F500FE9E66 /* SwitchBoardOS.h */,
				E7CBDB061D1B20F500FE9E66 /* Info.plist */,
			);
			path = SwitchBoardOS;
			sourceTree = "<group>";
		};
		E7CBDB0F1D1B20F600FE9E66 /* SwitchBoardOSTests */ = {
			isa = PBXGroup;
			children = (
				E7CBDB101D1B20F600FE9E66 /* SwitchBoardOSTests.swift */,
				E7CBDB121D1B20F600FE9E66 /* Info.plist */,
			);
			path = SwitchBoardOSTests;
			sourceTree = "<group>";
		};
/* End PBXGroup section */

/* Begin PBXHeadersBuildPhase section */
		E70D183D1C25FD2D00BFD600 /* Headers */ = {
			isa = PBXHeadersBuildPhase;
			buildActionMask = 2147483647;
			files = (
				E70D18441C25FD2D00BFD600 /* SwitchBoard.h in Headers */,
			);
			runOnlyForDeploymentPostprocessing = 0;
		};
		E7CBDAFF1D1B20F500FE9E66 /* Headers */ = {
			isa = PBXHeadersBuildPhase;
			buildActionMask = 2147483647;
			files = (
				E7CBDB051D1B20F500FE9E66 /* SwitchBoardOS.h in Headers */,
			);
			runOnlyForDeploymentPostprocessing = 0;
		};
/* End PBXHeadersBuildPhase section */

/* Begin PBXNativeTarget section */
		E70D183F1C25FD2D00BFD600 /* SwitchBoard */ = {
			isa = PBXNativeTarget;
			buildConfigurationList = E70D18541C25FD2D00BFD600 /* Build configuration list for PBXNativeTarget "SwitchBoard" */;
			buildPhases = (
				E70D183B1C25FD2D00BFD600 /* Sources */,
				E70D183C1C25FD2D00BFD600 /* Frameworks */,
				E70D183D1C25FD2D00BFD600 /* Headers */,
				E70D183E1C25FD2D00BFD600 /* Resources */,
			);
			buildRules = (
			);
			dependencies = (
			);
			name = SwitchBoard;
			productName = SwitchBoard;
			productReference = E70D18401C25FD2D00BFD600 /* SwitchBoard.framework */;
			productType = "com.apple.product-type.framework";
		};
		E70D18491C25FD2D00BFD600 /* SwitchBoardTests */ = {
			isa = PBXNativeTarget;
			buildConfigurationList = E70D18571C25FD2D00BFD600 /* Build configuration list for PBXNativeTarget "SwitchBoardTests" */;
			buildPhases = (
				E70D18461C25FD2D00BFD600 /* Sources */,
				E70D18471C25FD2D00BFD600 /* Frameworks */,
				E70D18481C25FD2D00BFD600 /* Resources */,
			);
			buildRules = (
			);
			dependencies = (
				E70D184D1C25FD2D00BFD600 /* PBXTargetDependency */,
			);
			name = SwitchBoardTests;
			productName = SwitchBoardTests;
			productReference = E70D184A1C25FD2D00BFD600 /* SwitchBoardTests.xctest */;
			productType = "com.apple.product-type.bundle.unit-test";
		};
		E7CBDB011D1B20F500FE9E66 /* SwitchBoardOS */ = {
			isa = PBXNativeTarget;
			buildConfigurationList = E7CBDB171D1B20F600FE9E66 /* Build configuration list for PBXNativeTarget "SwitchBoardOS" */;
			buildPhases = (
				E7CBDAFD1D1B20F500FE9E66 /* Sources */,
				E7CBDAFE1D1B20F500FE9E66 /* Frameworks */,
				E7CBDAFF1D1B20F500FE9E66 /* Headers */,
				E7CBDB001D1B20F500FE9E66 /* Resources */,
			);
			buildRules = (
			);
			dependencies = (
			);
			name = SwitchBoardOS;
			productName = SwitchBoardOS;
			productReference = E7CBDB021D1B20F500FE9E66 /* SwitchBoardOS.framework */;
			productType = "com.apple.product-type.framework";
		};
		E7CBDB0A1D1B20F600FE9E66 /* SwitchBoardOSTests */ = {
			isa = PBXNativeTarget;
			buildConfigurationList = E7CBDB181D1B20F600FE9E66 /* Build configuration list for PBXNativeTarget "SwitchBoardOSTests" */;
			buildPhases = (
				E7CBDB071D1B20F600FE9E66 /* Sources */,
				E7CBDB081D1B20F600FE9E66 /* Frameworks */,
				E7CBDB091D1B20F600FE9E66 /* Resources */,
			);
			buildRules = (
			);
			dependencies = (
				E7CBDB0E1D1B20F600FE9E66 /* PBXTargetDependency */,
			);
			name = SwitchBoardOSTests;
			productName = SwitchBoardOSTests;
			productReference = E7CBDB0B1D1B20F600FE9E66 /* SwitchBoardOSTests.xctest */;
			productType = "com.apple.product-type.bundle.unit-test";
		};
/* End PBXNativeTarget section */

/* Begin PBXProject section */
		E70D18371C25FD2D00BFD600 /* Project object */ = {
			isa = PBXProject;
			attributes = {
				LastSwiftUpdateCheck = 0800;
				LastUpgradeCheck = 0830;
				ORGANIZATIONNAME = "Phalanx Studios";
				TargetAttributes = {
					E70D183F1C25FD2D00BFD600 = {
						CreatedOnToolsVersion = 7.2;
						DevelopmentTeam = RK3T9BYSJ8;
						DevelopmentTeamName = "Ryan Campbell";
						LastSwiftMigration = 0800;
						ProvisioningStyle = Automatic;
					};
					E70D18491C25FD2D00BFD600 = {
						CreatedOnToolsVersion = 7.2;
						LastSwiftMigration = 0800;
					};
					E7CBDB011D1B20F500FE9E66 = {
						CreatedOnToolsVersion = 8.0;
						DevelopmentTeam = RK3T9BYSJ8;
						DevelopmentTeamName = "Ryan Campbell";
						ProvisioningStyle = Automatic;
					};
					E7CBDB0A1D1B20F600FE9E66 = {
						CreatedOnToolsVersion = 8.0;
						DevelopmentTeam = RK3T9BYSJ8;
						DevelopmentTeamName = "Ryan Campbell";
						ProvisioningStyle = Automatic;
					};
				};
			};
			buildConfigurationList = E70D183A1C25FD2D00BFD600 /* Build configuration list for PBXProject "SwitchBoard" */;
			compatibilityVersion = "Xcode 8.0";
			developmentRegion = English;
			hasScannedForEncodings = 0;
			knownRegions = (
				en,
			);
			mainGroup = E70D18361C25FD2D00BFD600;
			productRefGroup = E70D18411C25FD2D00BFD600 /* Products */;
			projectDirPath = "";
			projectRoot = "";
			targets = (
				E70D183F1C25FD2D00BFD600 /* SwitchBoard */,
				E70D18491C25FD2D00BFD600 /* SwitchBoardTests */,
				E7CBDB011D1B20F500FE9E66 /* SwitchBoardOS */,
				E7CBDB0A1D1B20F600FE9E66 /* SwitchBoardOSTests */,
			);
		};
/* End PBXProject section */

/* Begin PBXResourcesBuildPhase section */
		E70D183E1C25FD2D00BFD600 /* Resources */ = {
			isa = PBXResourcesBuildPhase;
			buildActionMask = 2147483647;
			files = (
				E70D18721C26147500BFD600 /* config.yml in Resources */,
			);
			runOnlyForDeploymentPostprocessing = 0;
		};
		E70D18481C25FD2D00BFD600 /* Resources */ = {
			isa = PBXResourcesBuildPhase;
			buildActionMask = 2147483647;
			files = (
			);
			runOnlyForDeploymentPostprocessing = 0;
		};
		E7CBDB001D1B20F500FE9E66 /* Resources */ = {
			isa = PBXResourcesBuildPhase;
			buildActionMask = 2147483647;
			files = (
			);
			runOnlyForDeploymentPostprocessing = 0;
		};
		E7CBDB091D1B20F600FE9E66 /* Resources */ = {
			isa = PBXResourcesBuildPhase;
			buildActionMask = 2147483647;
			files = (
			);
			runOnlyForDeploymentPostprocessing = 0;
		};
/* End PBXResourcesBuildPhase section */

/* Begin PBXSourcesBuildPhase section */
		E70D183B1C25FD2D00BFD600 /* Sources */ = {
			isa = PBXSourcesBuildPhase;
			buildActionMask = 2147483647;
			files = (
				E70D186D1C260B1500BFD600 /* SBViewDelegate.swift in Sources */,
				E70D18631C26074F00BFD600 /* PinchGesture.swift in Sources */,
				E70D18621C26074F00BFD600 /* PanGesture.swift in Sources */,
				E73F51CA1C3DAA8F0075A632 /* SBCache.swift in Sources */,
				E799F3C21D64D5C30056B313 /* SBSubScene.swift in Sources */,
				E70D18691C2607F800BFD600 /* SBGameScene.swift in Sources */,
				E73F51C81C3C5D400075A632 /* SBSceneManager.swift in Sources */,
				E70D186B1C2609E700BFD600 /* SBScreenRecord.swift in Sources */,
				E70D186F1C260B5F00BFD600 /* SBSceneContainer.swift in Sources */,
			);
			runOnlyForDeploymentPostprocessing = 0;
		};
		E70D18461C25FD2D00BFD600 /* Sources */ = {
			isa = PBXSourcesBuildPhase;
			buildActionMask = 2147483647;
			files = (
				E70D18501C25FD2D00BFD600 /* SwitchBoardTests.swift in Sources */,
			);
			runOnlyForDeploymentPostprocessing = 0;
		};
		E7CBDAFD1D1B20F500FE9E66 /* Sources */ = {
			isa = PBXSourcesBuildPhase;
			buildActionMask = 2147483647;
			files = (
				E7CBDB441D1B23F200FE9E66 /* SBSceneManager.swift in Sources */,
				E7C34BDD1D9038CC00ACEC67 /* PanGesture.swift in Sources */,
				E7CBDB491D1B24E700FE9E66 /* SBGameScene.swift in Sources */,
				E72638D31E6DF28500A20473 /* KeyGesture.swift in Sources */,
				E72638D61E704FEF00A20473 /* Keyboard.swift in Sources */,
				E799F3C31D64D5C30056B313 /* SBSubScene.swift in Sources */,
				E7CBDB451D1B23F400FE9E66 /* SBCache.swift in Sources */,
				E7CBDB431D1B23EF00FE9E66 /* SBViewDelegate.swift in Sources */,
				E7CBDB421D1B23EC00FE9E66 /* SBSceneContainer.swift in Sources */,
			);
			runOnlyForDeploymentPostprocessing = 0;
		};
		E7CBDB071D1B20F600FE9E66 /* Sources */ = {
			isa = PBXSourcesBuildPhase;
			buildActionMask = 2147483647;
			files = (
				E7CBDB111D1B20F600FE9E66 /* SwitchBoardOSTests.swift in Sources */,
			);
			runOnlyForDeploymentPostprocessing = 0;
		};
/* End PBXSourcesBuildPhase section */

/* Begin PBXTargetDependency section */
		E70D184D1C25FD2D00BFD600 /* PBXTargetDependency */ = {
			isa = PBXTargetDependency;
			target = E70D183F1C25FD2D00BFD600 /* SwitchBoard */;
			targetProxy = E70D184C1C25FD2D00BFD600 /* PBXContainerItemProxy */;
		};
		E7CBDB0E1D1B20F600FE9E66 /* PBXTargetDependency */ = {
			isa = PBXTargetDependency;
			target = E7CBDB011D1B20F500FE9E66 /* SwitchBoardOS */;
			targetProxy = E7CBDB0D1D1B20F600FE9E66 /* PBXContainerItemProxy */;
		};
/* End PBXTargetDependency section */

/* Begin XCBuildConfiguration section */
		E70D18521C25FD2D00BFD600 /* Debug */ = {
			isa = XCBuildConfiguration;
			buildSettings = {
				ALWAYS_SEARCH_USER_PATHS = NO;
				CLANG_CXX_LANGUAGE_STANDARD = "gnu++0x";
				CLANG_CXX_LIBRARY = "libc++";
				CLANG_ENABLE_MODULES = YES;
				CLANG_ENABLE_OBJC_ARC = YES;
				CLANG_WARN_BOOL_CONVERSION = YES;
				CLANG_WARN_CONSTANT_CONVERSION = YES;
				CLANG_WARN_DIRECT_OBJC_ISA_USAGE = YES_ERROR;
				CLANG_WARN_EMPTY_BODY = YES;
				CLANG_WARN_ENUM_CONVERSION = YES;
				CLANG_WARN_INFINITE_RECURSION = YES;
				CLANG_WARN_INT_CONVERSION = YES;
				CLANG_WARN_OBJC_ROOT_CLASS = YES_ERROR;
				CLANG_WARN_SUSPICIOUS_MOVE = YES;
				CLANG_WARN_UNREACHABLE_CODE = YES;
				CLANG_WARN__DUPLICATE_METHOD_MATCH = YES;
				"CODE_SIGN_IDENTITY[sdk=iphoneos*]" = "iPhone Developer";
				COPY_PHASE_STRIP = NO;
				CURRENT_PROJECT_VERSION = 1;
				DEBUG_INFORMATION_FORMAT = dwarf;
				ENABLE_BITCODE = NO;
				ENABLE_STRICT_OBJC_MSGSEND = YES;
				ENABLE_TESTABILITY = YES;
				FRAMEWORK_SEARCH_PATHS = (
					"$(inherited)",
					"$(PROJECT_DIR)",
					"/Users/ryancampbell/Builds/Products/Debug-iphoneos",
				);
				GCC_C_LANGUAGE_STANDARD = gnu99;
				GCC_DYNAMIC_NO_PIC = NO;
				GCC_NO_COMMON_BLOCKS = YES;
				GCC_OPTIMIZATION_LEVEL = 0;
				GCC_PREPROCESSOR_DEFINITIONS = (
					"DEBUG=1",
					"$(inherited)",
				);
				GCC_WARN_64_TO_32_BIT_CONVERSION = YES;
				GCC_WARN_ABOUT_RETURN_TYPE = YES_ERROR;
				GCC_WARN_UNDECLARED_SELECTOR = YES;
				GCC_WARN_UNINITIALIZED_AUTOS = YES_AGGRESSIVE;
				GCC_WARN_UNUSED_FUNCTION = YES;
				GCC_WARN_UNUSED_VARIABLE = YES;
				IPHONEOS_DEPLOYMENT_TARGET = 10.3;
				MTL_ENABLE_DEBUG_INFO = YES;
				ONLY_ACTIVE_ARCH = YES;
				SDKROOT = iphoneos;
				SWIFT_DISABLE_SAFETY_CHECKS = NO;
				SWIFT_OPTIMIZATION_LEVEL = "-Onone";
				SWIFT_VERSION = 3.0;
				TARGETED_DEVICE_FAMILY = "1,2";
				VERSIONING_SYSTEM = "apple-generic";
				VERSION_INFO_PREFIX = "";
			};
			name = Debug;
		};
		E70D18531C25FD2D00BFD600 /* Release */ = {
			isa = XCBuildConfiguration;
			buildSettings = {
				ALWAYS_SEARCH_USER_PATHS = NO;
				CLANG_CXX_LANGUAGE_STANDARD = "gnu++0x";
				CLANG_CXX_LIBRARY = "libc++";
				CLANG_ENABLE_MODULES = YES;
				CLANG_ENABLE_OBJC_ARC = YES;
				CLANG_WARN_BOOL_CONVERSION = YES;
				CLANG_WARN_CONSTANT_CONVERSION = YES;
				CLANG_WARN_DIRECT_OBJC_ISA_USAGE = YES_ERROR;
				CLANG_WARN_EMPTY_BODY = YES;
				CLANG_WARN_ENUM_CONVERSION = YES;
				CLANG_WARN_INFINITE_RECURSION = YES;
				CLANG_WARN_INT_CONVERSION = YES;
				CLANG_WARN_OBJC_ROOT_CLASS = YES_ERROR;
				CLANG_WARN_SUSPICIOUS_MOVE = YES;
				CLANG_WARN_UNREACHABLE_CODE = YES;
				CLANG_WARN__DUPLICATE_METHOD_MATCH = YES;
				"CODE_SIGN_IDENTITY[sdk=iphoneos*]" = "iPhone Developer";
				COPY_PHASE_STRIP = NO;
				CURRENT_PROJECT_VERSION = 1;
				DEBUG_INFORMATION_FORMAT = "dwarf-with-dsym";
				ENABLE_BITCODE = NO;
				ENABLE_NS_ASSERTIONS = NO;
				ENABLE_STRICT_OBJC_MSGSEND = YES;
				FRAMEWORK_SEARCH_PATHS = (
					"$(inherited)",
					"$(PROJECT_DIR)",
					"/Users/ryancampbell/Builds/Products/Release-iphoneos",
				);
				GCC_C_LANGUAGE_STANDARD = gnu99;
				GCC_NO_COMMON_BLOCKS = YES;
				GCC_OPTIMIZATION_LEVEL = s;
				GCC_WARN_64_TO_32_BIT_CONVERSION = YES;
				GCC_WARN_ABOUT_RETURN_TYPE = YES_ERROR;
				GCC_WARN_UNDECLARED_SELECTOR = YES;
				GCC_WARN_UNINITIALIZED_AUTOS = YES_AGGRESSIVE;
				GCC_WARN_UNUSED_FUNCTION = YES;
				GCC_WARN_UNUSED_VARIABLE = YES;
				IPHONEOS_DEPLOYMENT_TARGET = 10.3;
				MTL_ENABLE_DEBUG_INFO = NO;
				SDKROOT = iphoneos;
				SWIFT_DISABLE_SAFETY_CHECKS = NO;
				SWIFT_OPTIMIZATION_LEVEL = "-Owholemodule";
				SWIFT_VERSION = 3.0;
				TARGETED_DEVICE_FAMILY = "1,2";
				VALIDATE_PRODUCT = YES;
				VERSIONING_SYSTEM = "apple-generic";
				VERSION_INFO_PREFIX = "";
			};
			name = Release;
		};
		E70D18551C25FD2D00BFD600 /* Debug */ = {
			isa = XCBuildConfiguration;
			buildSettings = {
				CLANG_ENABLE_MODULES = YES;
				"CODE_SIGN_IDENTITY[sdk=iphoneos*]" = "iPhone Developer";
				DEFINES_MODULE = YES;
				DEVELOPMENT_TEAM = "";
				DYLIB_COMPATIBILITY_VERSION = 1;
				DYLIB_CURRENT_VERSION = 1;
				DYLIB_INSTALL_NAME_BASE = "@rpath";
				ENABLE_BITCODE = NO;
				FRAMEWORK_SEARCH_PATHS = "";
				INFOPLIST_FILE = SwitchBoard/Info.plist;
				INSTALL_PATH = "$(LOCAL_LIBRARY_DIR)/Frameworks";
				IPHONEOS_DEPLOYMENT_TARGET = 10.0;
				LD_RUNPATH_SEARCH_PATHS = "$(inherited) @executable_path/Frameworks @loader_path/Frameworks";
				PRODUCT_BUNDLE_IDENTIFIER = phalanx.SwitchBoard;
				PRODUCT_NAME = "$(TARGET_NAME)";
				PROVISIONING_PROFILE_SPECIFIER = "";
				SKIP_INSTALL = YES;
				SWIFT_OPTIMIZATION_LEVEL = "-Onone";
				SWIFT_VERSION = 3.0;
				VALID_ARCHS = "arm64 armv7 armv7s";
			};
			name = Debug;
		};
		E70D18561C25FD2D00BFD600 /* Release */ = {
			isa = XCBuildConfiguration;
			buildSettings = {
				CLANG_ENABLE_MODULES = YES;
				"CODE_SIGN_IDENTITY[sdk=iphoneos*]" = "iPhone Developer";
				DEFINES_MODULE = YES;
				DEVELOPMENT_TEAM = "";
				DYLIB_COMPATIBILITY_VERSION = 1;
				DYLIB_CURRENT_VERSION = 1;
				DYLIB_INSTALL_NAME_BASE = "@rpath";
				ENABLE_BITCODE = NO;
				FRAMEWORK_SEARCH_PATHS = "";
				INFOPLIST_FILE = SwitchBoard/Info.plist;
				INSTALL_PATH = "$(LOCAL_LIBRARY_DIR)/Frameworks";
				IPHONEOS_DEPLOYMENT_TARGET = 10.0;
				LD_RUNPATH_SEARCH_PATHS = "$(inherited) @executable_path/Frameworks @loader_path/Frameworks";
				PRODUCT_BUNDLE_IDENTIFIER = phalanx.SwitchBoard;
				PRODUCT_NAME = "$(TARGET_NAME)";
				PROVISIONING_PROFILE_SPECIFIER = "";
				SKIP_INSTALL = YES;
				SWIFT_OPTIMIZATION_LEVEL = "-Owholemodule";
				SWIFT_VERSION = 3.0;
				VALID_ARCHS = "arm64 armv7 armv7s";
			};
			name = Release;
		};
		E70D18581C25FD2D00BFD600 /* Debug */ = {
			isa = XCBuildConfiguration;
			buildSettings = {
				INFOPLIST_FILE = SwitchBoardTests/Info.plist;
				LD_RUNPATH_SEARCH_PATHS = "$(inherited) @executable_path/Frameworks @loader_path/Frameworks";
				PRODUCT_BUNDLE_IDENTIFIER = phalanx.SwitchBoardTests;
				PRODUCT_NAME = "$(TARGET_NAME)";
				SWIFT_VERSION = 3.0;
			};
			name = Debug;
		};
		E70D18591C25FD2D00BFD600 /* Release */ = {
			isa = XCBuildConfiguration;
			buildSettings = {
				INFOPLIST_FILE = SwitchBoardTests/Info.plist;
				LD_RUNPATH_SEARCH_PATHS = "$(inherited) @executable_path/Frameworks @loader_path/Frameworks";
				PRODUCT_BUNDLE_IDENTIFIER = phalanx.SwitchBoardTests;
				PRODUCT_NAME = "$(TARGET_NAME)";
				SWIFT_OPTIMIZATION_LEVEL = "-Owholemodule";
				SWIFT_VERSION = 3.0;
			};
			name = Release;
		};
		E7CBDB131D1B20F600FE9E66 /* Debug */ = {
			isa = XCBuildConfiguration;
			buildSettings = {
				CLANG_ANALYZER_NONNULL = YES;
				CLANG_WARN_DOCUMENTATION_COMMENTS = YES;
				CODE_SIGN_IDENTITY = "-";
				COMBINE_HIDPI_IMAGES = YES;
				DEFINES_MODULE = YES;
				DYLIB_COMPATIBILITY_VERSION = 1;
				DYLIB_CURRENT_VERSION = 1;
				DYLIB_INSTALL_NAME_BASE = "@rpath";
				FRAMEWORK_SEARCH_PATHS = "";
				FRAMEWORK_VERSION = A;
				INFOPLIST_FILE = SwitchBoardOS/Info.plist;
				INSTALL_PATH = "$(LOCAL_LIBRARY_DIR)/Frameworks";
				LD_RUNPATH_SEARCH_PATHS = "$(inherited) @executable_path/../Frameworks @loader_path/Frameworks";
				MACOSX_DEPLOYMENT_TARGET = 10.12;
				PRODUCT_BUNDLE_IDENTIFIER = phalanx.SwitchBoardOS;
				PRODUCT_NAME = "$(TARGET_NAME)";
				SDKROOT = macosx;
				SKIP_INSTALL = YES;
				SWIFT_ACTIVE_COMPILATION_CONDITIONS = DEBUG;
				SWIFT_VERSION = 3.0;
			};
			name = Debug;
		};
		E7CBDB141D1B20F600FE9E66 /* Release */ = {
			isa = XCBuildConfiguration;
			buildSettings = {
				CLANG_ANALYZER_NONNULL = YES;
				CLANG_WARN_DOCUMENTATION_COMMENTS = YES;
				CODE_SIGN_IDENTITY = "-";
				COMBINE_HIDPI_IMAGES = YES;
				DEFINES_MODULE = YES;
				DYLIB_COMPATIBILITY_VERSION = 1;
				DYLIB_CURRENT_VERSION = 1;
				DYLIB_INSTALL_NAME_BASE = "@rpath";
				FRAMEWORK_SEARCH_PATHS = "";
				FRAMEWORK_VERSION = A;
				INFOPLIST_FILE = SwitchBoardOS/Info.plist;
				INSTALL_PATH = "$(LOCAL_LIBRARY_DIR)/Frameworks";
				LD_RUNPATH_SEARCH_PATHS = "$(inherited) @executable_path/../Frameworks @loader_path/Frameworks";
				MACOSX_DEPLOYMENT_TARGET = 10.12;
				PRODUCT_BUNDLE_IDENTIFIER = phalanx.SwitchBoardOS;
				PRODUCT_NAME = "$(TARGET_NAME)";
				SDKROOT = macosx;
				SKIP_INSTALL = YES;
				SWIFT_OPTIMIZATION_LEVEL = "-Owholemodule";
				SWIFT_VERSION = 3.0;
			};
			name = Release;
		};
		E7CBDB151D1B20F600FE9E66 /* Debug */ = {
			isa = XCBuildConfiguration;
			buildSettings = {
				CLANG_ANALYZER_NONNULL = YES;
				CLANG_WARN_DOCUMENTATION_COMMENTS = YES;
				CODE_SIGN_IDENTITY = "-";
				COMBINE_HIDPI_IMAGES = YES;
				INFOPLIST_FILE = SwitchBoardOSTests/Info.plist;
				LD_RUNPATH_SEARCH_PATHS = "$(inherited) @executable_path/../Frameworks @loader_path/../Frameworks";
				MACOSX_DEPLOYMENT_TARGET = 10.12;
				PRODUCT_BUNDLE_IDENTIFIER = phalanx.SwitchBoardOSTests;
				PRODUCT_NAME = "$(TARGET_NAME)";
				SDKROOT = macosx;
				SWIFT_ACTIVE_COMPILATION_CONDITIONS = DEBUG;
				SWIFT_VERSION = 3.0;
			};
			name = Debug;
		};
		E7CBDB161D1B20F600FE9E66 /* Release */ = {
			isa = XCBuildConfiguration;
			buildSettings = {
				CLANG_ANALYZER_NONNULL = YES;
				CLANG_WARN_DOCUMENTATION_COMMENTS = YES;
				CODE_SIGN_IDENTITY = "-";
				COMBINE_HIDPI_IMAGES = YES;
				INFOPLIST_FILE = SwitchBoardOSTests/Info.plist;
				LD_RUNPATH_SEARCH_PATHS = "$(inherited) @executable_path/../Frameworks @loader_path/../Frameworks";
				MACOSX_DEPLOYMENT_TARGET = 10.12;
				PRODUCT_BUNDLE_IDENTIFIER = phalanx.SwitchBoardOSTests;
				PRODUCT_NAME = "$(TARGET_NAME)";
				SDKROOT = macosx;
				SWIFT_OPTIMIZATION_LEVEL = "-Owholemodule";
				SWIFT_VERSION = 3.0;
			};
			name = Release;
		};
/* End XCBuildConfiguration section */

/* Begin XCConfigurationList section */
		E70D183A1C25FD2D00BFD600 /* Build configuration list for PBXProject "SwitchBoard" */ = {
			isa = XCConfigurationList;
			buildConfigurations = (
				E70D18521C25FD2D00BFD600 /* Debug */,
				E70D18531C25FD2D00BFD600 /* Release */,
			);
			defaultConfigurationIsVisible = 0;
			defaultConfigurationName = Release;
		};
		E70D18541C25FD2D00BFD600 /* Build configuration list for PBXNativeTarget "SwitchBoard" */ = {
			isa = XCConfigurationList;
			buildConfigurations = (
				E70D18551C25FD2D00BFD600 /* Debug */,
				E70D18561C25FD2D00BFD600 /* Release */,
			);
			defaultConfigurationIsVisible = 0;
			defaultConfigurationName = Release;
		};
		E70D18571C25FD2D00BFD600 /* Build configuration list for PBXNativeTarget "SwitchBoardTests" */ = {
			isa = XCConfigurationList;
			buildConfigurations = (
				E70D18581C25FD2D00BFD600 /* Debug */,
				E70D18591C25FD2D00BFD600 /* Release */,
			);
			defaultConfigurationIsVisible = 0;
			defaultConfigurationName = Release;
		};
		E7CBDB171D1B20F600FE9E66 /* Build configuration list for PBXNativeTarget "SwitchBoardOS" */ = {
			isa = XCConfigurationList;
			buildConfigurations = (
				E7CBDB131D1B20F600FE9E66 /* Debug */,
				E7CBDB141D1B20F600FE9E66 /* Release */,
			);
			defaultConfigurationIsVisible = 0;
			defaultConfigurationName = Release;
		};
		E7CBDB181D1B20F600FE9E66 /* Build configuration list for PBXNativeTarget "SwitchBoardOSTests" */ = {
			isa = XCConfigurationList;
			buildConfigurations = (
				E7CBDB151D1B20F600FE9E66 /* Debug */,
				E7CBDB161D1B20F600FE9E66 /* Release */,
			);
			defaultConfigurationIsVisible = 0;
			defaultConfigurationName = Release;
		};
/* End XCConfigurationList section */
	};
	rootObject = E70D18371C25FD2D00BFD600 /* Project object */;
}
